
Microsoft Visual Studio Solution File, Format Version 12.00
# Visual Studio 15
VisualStudioVersion = 15.0.28307.329
MinimumVisualStudioVersion = 10.0.40219.1
Project("{FAE04EC0-301F-11D3-BF4B-00C04F79EFBC}") = "Bron.Cli", "Bron.Cli\Bron.Cli.csproj", "{74FCF83C-5036-48F4-8BAC-BA449A99F343}"
EndProject
Project("{FAE04EC0-301F-11D3-BF4B-00C04F79EFBC}") = "Bron.Tests", "Bron.Tests\Bron.Tests.csproj", "{666C8903-1B50-412A-BB8F-419A93FBC373}"
EndProject
Global
	GlobalSection(SolutionConfigurationPlatforms) = preSolution
		Debug|Any CPU = Debug|Any CPU
		Release|Any CPU = Release|Any CPU
	EndGlobalSection
	GlobalSection(ProjectConfigurationPlatforms) = postSolution
		{74FCF83C-5036-48F4-8BAC-BA449A99F343}.Debug|Any CPU.ActiveCfg = Debug|Any CPU
		{74FCF83C-5036-48F4-8BAC-BA449A99F343}.Debug|Any CPU.Build.0 = Debug|Any CPU
		{74FCF83C-5036-48F4-8BAC-BA449A99F343}.Release|Any CPU.ActiveCfg = Release|Any CPU
		{74FCF83C-5036-48F4-8BAC-BA449A99F343}.Release|Any CPU.Build.0 = Release|Any CPU
		{666C8903-1B50-412A-BB8F-419A93FBC373}.Debug|Any CPU.ActiveCfg = Debug|Any CPU
		{666C8903-1B50-412A-BB8F-419A93FBC373}.Debug|Any CPU.Build.0 = Debug|Any CPU
		{666C8903-1B50-412A-BB8F-419A93FBC373}.Release|Any CPU.ActiveCfg = Release|Any CPU
		{666C8903-1B50-412A-BB8F-419A93FBC373}.Release|Any CPU.Build.0 = Release|Any CPU
	EndGlobalSection
	GlobalSection(SolutionProperties) = preSolution
		HideSolutionNode = FALSE
	EndGlobalSection
	GlobalSection(ExtensibilityGlobals) = postSolution
		SolutionGuid = {7006B035-3BD0-468F-8242-E04CAC4353C6}
	EndGlobalSection
EndGlobal
